
Microsoft Visual Studio Solution File, Format Version 12.00
# Visual Studio 14
VisualStudioVersion = 14.0.25420.1
MinimumVisualStudioVersion = 10.0.40219.1
Project("{FAE04EC0-301F-11D3-BF4B-00C04F79EFBC}") = "CodeTestTaskTwo", "CodeTestTaskTwo\CodeTestTaskTwo.csproj", "{EE6993AA-B3EC-43BB-931E-F797A2D5941E}"
EndProject
Project("{FAE04EC0-301F-11D3-BF4B-00C04F79EFBC}") = "CodeTestTaskTwoTest", "CodeTestTaskTwoTest\CodeTestTaskTwoTest.csproj", "{07A81B27-80B3-42F2-88B5-FF23203EF47B}"
EndProject
Global
	GlobalSection(SolutionConfigurationPlatforms) = preSolution
		Debug|Any CPU = Debug|Any CPU
		Release|Any CPU = Release|Any CPU
	EndGlobalSection
	GlobalSection(ProjectConfigurationPlatforms) = postSolution
		{EE6993AA-B3EC-43BB-931E-F797A2D5941E}.Debug|Any CPU.ActiveCfg = Debug|Any CPU
		{EE6993AA-B3EC-43BB-931E-F797A2D5941E}.Debug|Any CPU.Build.0 = Debug|Any CPU
		{EE6993AA-B3EC-43BB-931E-F797A2D5941E}.Release|Any CPU.ActiveCfg = Release|Any CPU
		{EE6993AA-B3EC-43BB-931E-F797A2D5941E}.Release|Any CPU.Build.0 = Release|Any CPU
		{07A81B27-80B3-42F2-88B5-FF23203EF47B}.Debug|Any CPU.ActiveCfg = Debug|Any CPU
		{07A81B27-80B3-42F2-88B5-FF23203EF47B}.Debug|Any CPU.Build.0 = Debug|Any CPU
		{07A81B27-80B3-42F2-88B5-FF23203EF47B}.Release|Any CPU.ActiveCfg = Release|Any CPU
		{07A81B27-80B3-42F2-88B5-FF23203EF47B}.Release|Any CPU.Build.0 = Release|Any CPU
	EndGlobalSection
	GlobalSection(SolutionProperties) = preSolution
		HideSolutionNode = FALSE
	EndGlobalSection
EndGlobal
