
Microsoft Visual Studio Solution File, Format Version 12.00
# Visual Studio 14
VisualStudioVersion = 14.0.25420.1
MinimumVisualStudioVersion = 10.0.40219.1
Project("{FAE04EC0-301F-11D3-BF4B-00C04F79EFBC}") = "CodeTaskThreeC", "CodeTaskThreeC\CodeTaskThreeC.csproj", "{262794D4-7504-4A76-B52C-47999252A42D}"
EndProject
Project("{FAE04EC0-301F-11D3-BF4B-00C04F79EFBC}") = "CodeTestTaskThreeCTest", "CodeTestTaskThreeCTest\CodeTestTaskThreeCTest.csproj", "{67426B20-5049-45B1-8029-2466B4F27280}"
EndProject
Global
	GlobalSection(SolutionConfigurationPlatforms) = preSolution
		Debug|Any CPU = Debug|Any CPU
		Release|Any CPU = Release|Any CPU
	EndGlobalSection
	GlobalSection(ProjectConfigurationPlatforms) = postSolution
		{262794D4-7504-4A76-B52C-47999252A42D}.Debug|Any CPU.ActiveCfg = Debug|Any CPU
		{262794D4-7504-4A76-B52C-47999252A42D}.Debug|Any CPU.Build.0 = Debug|Any CPU
		{262794D4-7504-4A76-B52C-47999252A42D}.Release|Any CPU.ActiveCfg = Release|Any CPU
		{262794D4-7504-4A76-B52C-47999252A42D}.Release|Any CPU.Build.0 = Release|Any CPU
		{67426B20-5049-45B1-8029-2466B4F27280}.Debug|Any CPU.ActiveCfg = Debug|Any CPU
		{67426B20-5049-45B1-8029-2466B4F27280}.Debug|Any CPU.Build.0 = Debug|Any CPU
		{67426B20-5049-45B1-8029-2466B4F27280}.Release|Any CPU.ActiveCfg = Release|Any CPU
		{67426B20-5049-45B1-8029-2466B4F27280}.Release|Any CPU.Build.0 = Release|Any CPU
	EndGlobalSection
	GlobalSection(SolutionProperties) = preSolution
		HideSolutionNode = FALSE
	EndGlobalSection
EndGlobal
