
Microsoft Visual Studio Solution File, Format Version 12.00
# Visual Studio 14
VisualStudioVersion = 14.0.25420.1
MinimumVisualStudioVersion = 10.0.40219.1
Project("{FAE04EC0-301F-11D3-BF4B-00C04F79EFBC}") = "CodeTestTaskOne", "CodeTestTaskOne\CodeTestTaskOne.csproj", "{9876162F-2A1D-4088-B17C-DF3FC9402BE0}"
EndProject
Project("{FAE04EC0-301F-11D3-BF4B-00C04F79EFBC}") = "CodeTestTaskOneTest", "CodeTestTaskOneTest\CodeTestTaskOneTest.csproj", "{A84B7BC8-CE3B-47B6-9A05-8C041790B40E}"
EndProject
Global
	GlobalSection(SolutionConfigurationPlatforms) = preSolution
		Debug|Any CPU = Debug|Any CPU
		Release|Any CPU = Release|Any CPU
	EndGlobalSection
	GlobalSection(ProjectConfigurationPlatforms) = postSolution
		{9876162F-2A1D-4088-B17C-DF3FC9402BE0}.Debug|Any CPU.ActiveCfg = Debug|Any CPU
		{9876162F-2A1D-4088-B17C-DF3FC9402BE0}.Debug|Any CPU.Build.0 = Debug|Any CPU
		{9876162F-2A1D-4088-B17C-DF3FC9402BE0}.Release|Any CPU.ActiveCfg = Release|Any CPU
		{9876162F-2A1D-4088-B17C-DF3FC9402BE0}.Release|Any CPU.Build.0 = Release|Any CPU
		{A84B7BC8-CE3B-47B6-9A05-8C041790B40E}.Debug|Any CPU.ActiveCfg = Debug|Any CPU
		{A84B7BC8-CE3B-47B6-9A05-8C041790B40E}.Debug|Any CPU.Build.0 = Debug|Any CPU
		{A84B7BC8-CE3B-47B6-9A05-8C041790B40E}.Release|Any CPU.ActiveCfg = Release|Any CPU
		{A84B7BC8-CE3B-47B6-9A05-8C041790B40E}.Release|Any CPU.Build.0 = Release|Any CPU
	EndGlobalSection
	GlobalSection(SolutionProperties) = preSolution
		HideSolutionNode = FALSE
	EndGlobalSection
EndGlobal
